// !$*UTF8*$!
{
	archiveVersion = 1;
	classes = {
	};
	objectVersion = 51;
	objects = {

/* Begin PBXBuildFile section */
		500CA17187EAA2062A7608B0 /* Pods_MyInstagram.framework in Frameworks */ = {isa = PBXBuildFile; fileRef = ED61CAF011E5A27834ABD957 /* Pods_MyInstagram.framework */; };
		9A002A432710750000B9DA3F /* PostService.swift in Sources */ = {isa = PBXBuildFile; fileRef = 9A002A422710750000B9DA3F /* PostService.swift */; };
		9A0332E92705C13800D56892 /* UserService.swift in Sources */ = {isa = PBXBuildFile; fileRef = 9A0332E82705C13800D56892 /* UserService.swift */; };
		9A0332EC2705C1CE00D56892 /* Constants.swift in Sources */ = {isa = PBXBuildFile; fileRef = 9A0332EB2705C1CE00D56892 /* Constants.swift */; };
		9A0332EF2705C48B00D56892 /* User.swift in Sources */ = {isa = PBXBuildFile; fileRef = 9A0332EE2705C48B00D56892 /* User.swift */; };
		9A0332F22705CC1200D56892 /* ProfileHeaderViewModel.swift in Sources */ = {isa = PBXBuildFile; fileRef = 9A0332F12705CC1200D56892 /* ProfileHeaderViewModel.swift */; };
		9A38A3A92704891800251351 /* ImageUploader.swift in Sources */ = {isa = PBXBuildFile; fileRef = 9A38A3A82704891800251351 /* ImageUploader.swift */; };
		9A38A3AC2704894700251351 /* AuthService.swift in Sources */ = {isa = PBXBuildFile; fileRef = 9A38A3AB2704894700251351 /* AuthService.swift */; };
		9A39CD6E27015E190073065A /* MainTapController.swift in Sources */ = {isa = PBXBuildFile; fileRef = 9A39CD6D27015E190073065A /* MainTapController.swift */; };
		9A39CD71270168B90073065A /* FeedController.swift in Sources */ = {isa = PBXBuildFile; fileRef = 9A39CD70270168B90073065A /* FeedController.swift */; };
		9A39CD74270169230073065A /* SearchController.swift in Sources */ = {isa = PBXBuildFile; fileRef = 9A39CD73270169230073065A /* SearchController.swift */; };
		9A39CD772701694E0073065A /* ImageSelectorController.swift in Sources */ = {isa = PBXBuildFile; fileRef = 9A39CD762701694E0073065A /* ImageSelectorController.swift */; };
		9A39CD7A27016C0A0073065A /* NotificationsController.swift in Sources */ = {isa = PBXBuildFile; fileRef = 9A39CD7927016C0A0073065A /* NotificationsController.swift */; };
		9A39CD7D27016C210073065A /* ProfileController.swift in Sources */ = {isa = PBXBuildFile; fileRef = 9A39CD7C27016C210073065A /* ProfileController.swift */; };
		9A39CD8327018A1E0073065A /* Assets.xcassets in Resources */ = {isa = PBXBuildFile; fileRef = 9A39CD8227018A1E0073065A /* Assets.xcassets */; };
		9A39CD862701F58A0073065A /* FeedCell.swift in Sources */ = {isa = PBXBuildFile; fileRef = 9A39CD852701F58A0073065A /* FeedCell.swift */; };
		9A39CD892701FB7B0073065A /* Extensions.swift in Sources */ = {isa = PBXBuildFile; fileRef = 9A39CD882701FB7B0073065A /* Extensions.swift */; };
		9A4207A72702F57900DDE299 /* LoginController.swift in Sources */ = {isa = PBXBuildFile; fileRef = 9A4207A62702F57900DDE299 /* LoginController.swift */; };
		9A4207AB2702F5CE00DDE299 /* RegistrationController.swift in Sources */ = {isa = PBXBuildFile; fileRef = 9A4207AA2702F5CE00DDE299 /* RegistrationController.swift */; };
		9A4207AF2703379600DDE299 /* CustomTextField.swift in Sources */ = {isa = PBXBuildFile; fileRef = 9A4207AE2703379600DDE299 /* CustomTextField.swift */; };
		9A4E582927088FD3005BB7E7 /* UserCellViewModel.swift in Sources */ = {isa = PBXBuildFile; fileRef = 9A4E582827088FD3005BB7E7 /* UserCellViewModel.swift */; };
		9A528A8827008554009BD69F /* AppDelegate.swift in Sources */ = {isa = PBXBuildFile; fileRef = 9A528A8727008554009BD69F /* AppDelegate.swift */; };
		9A528A8A27008554009BD69F /* SceneDelegate.swift in Sources */ = {isa = PBXBuildFile; fileRef = 9A528A8927008554009BD69F /* SceneDelegate.swift */; };
		9A528A8C27008554009BD69F /* ViewController.swift in Sources */ = {isa = PBXBuildFile; fileRef = 9A528A8B27008554009BD69F /* ViewController.swift */; };
		9A528A8F27008554009BD69F /* Main.storyboard in Resources */ = {isa = PBXBuildFile; fileRef = 9A528A8D27008554009BD69F /* Main.storyboard */; };
		9A528A9427008557009BD69F /* LaunchScreen.storyboard in Resources */ = {isa = PBXBuildFile; fileRef = 9A528A9227008557009BD69F /* LaunchScreen.storyboard */; };
		9A5B4268270813D000EABD65 /* UserCell.swift in Sources */ = {isa = PBXBuildFile; fileRef = 9A5B4267270813D000EABD65 /* UserCell.swift */; };
		9A60FF7527058F6A0045811C /* ProfileCell.swift in Sources */ = {isa = PBXBuildFile; fileRef = 9A60FF7427058F6A0045811C /* ProfileCell.swift */; };
		9A60FF7827058F810045811C /* ProfileHeader.swift in Sources */ = {isa = PBXBuildFile; fileRef = 9A60FF7727058F810045811C /* ProfileHeader.swift */; };
		9A792BC8270EED7A00DD749F /* UploadPostController.swift in Sources */ = {isa = PBXBuildFile; fileRef = 9A792BC7270EED7A00DD749F /* UploadPostController.swift */; };
		9A792BCB270EFEDE00DD749F /* InputTextView.swift in Sources */ = {isa = PBXBuildFile; fileRef = 9A792BCA270EFEDE00DD749F /* InputTextView.swift */; };
		9AA1D20D270416DC00D05B93 /* AuthenticationViewModel.swift in Sources */ = {isa = PBXBuildFile; fileRef = 9AA1D20C270416DC00D05B93 /* AuthenticationViewModel.swift */; };
		9AA1D2102704595B00D05B93 /* GoogleService-Info.plist in Resources */ = {isa = PBXBuildFile; fileRef = 9AA1D20F2704595B00D05B93 /* GoogleService-Info.plist */; };
/* End PBXBuildFile section */

/* Begin PBXFileReference section */
		0E5EECBE5DB483ECA56BBBFB /* Pods-MyInstagram.debug.xcconfig */ = {isa = PBXFileReference; includeInIndex = 1; lastKnownFileType = text.xcconfig; name = "Pods-MyInstagram.debug.xcconfig"; path = "Target Support Files/Pods-MyInstagram/Pods-MyInstagram.debug.xcconfig"; sourceTree = "<group>"; };
		2B6C37681BF345F0F3A1AB13 /* Pods-MyInstagram.release.xcconfig */ = {isa = PBXFileReference; includeInIndex = 1; lastKnownFileType = text.xcconfig; name = "Pods-MyInstagram.release.xcconfig"; path = "Target Support Files/Pods-MyInstagram/Pods-MyInstagram.release.xcconfig"; sourceTree = "<group>"; };
		9A002A422710750000B9DA3F /* PostService.swift */ = {isa = PBXFileReference; lastKnownFileType = sourcecode.swift; path = PostService.swift; sourceTree = "<group>"; };
		9A0332E82705C13800D56892 /* UserService.swift */ = {isa = PBXFileReference; lastKnownFileType = sourcecode.swift; path = UserService.swift; sourceTree = "<group>"; };
		9A0332EB2705C1CE00D56892 /* Constants.swift */ = {isa = PBXFileReference; lastKnownFileType = sourcecode.swift; path = Constants.swift; sourceTree = "<group>"; };
		9A0332EE2705C48B00D56892 /* User.swift */ = {isa = PBXFileReference; lastKnownFileType = sourcecode.swift; path = User.swift; sourceTree = "<group>"; };
		9A0332F12705CC1200D56892 /* ProfileHeaderViewModel.swift */ = {isa = PBXFileReference; lastKnownFileType = sourcecode.swift; path = ProfileHeaderViewModel.swift; sourceTree = "<group>"; };
		9A38A3A82704891800251351 /* ImageUploader.swift */ = {isa = PBXFileReference; lastKnownFileType = sourcecode.swift; path = ImageUploader.swift; sourceTree = "<group>"; };
		9A38A3AB2704894700251351 /* AuthService.swift */ = {isa = PBXFileReference; lastKnownFileType = sourcecode.swift; path = AuthService.swift; sourceTree = "<group>"; };
		9A39CD6D27015E190073065A /* MainTapController.swift */ = {isa = PBXFileReference; lastKnownFileType = sourcecode.swift; path = MainTapController.swift; sourceTree = "<group>"; };
		9A39CD70270168B90073065A /* FeedController.swift */ = {isa = PBXFileReference; lastKnownFileType = sourcecode.swift; path = FeedController.swift; sourceTree = "<group>"; };
		9A39CD73270169230073065A /* SearchController.swift */ = {isa = PBXFileReference; lastKnownFileType = sourcecode.swift; path = SearchController.swift; sourceTree = "<group>"; };
		9A39CD762701694E0073065A /* ImageSelectorController.swift */ = {isa = PBXFileReference; lastKnownFileType = sourcecode.swift; path = ImageSelectorController.swift; sourceTree = "<group>"; };
		9A39CD7927016C0A0073065A /* NotificationsController.swift */ = {isa = PBXFileReference; lastKnownFileType = sourcecode.swift; path = NotificationsController.swift; sourceTree = "<group>"; };
		9A39CD7C27016C210073065A /* ProfileController.swift */ = {isa = PBXFileReference; lastKnownFileType = sourcecode.swift; path = ProfileController.swift; sourceTree = "<group>"; };
		9A39CD8227018A1E0073065A /* Assets.xcassets */ = {isa = PBXFileReference; lastKnownFileType = folder.assetcatalog; name = Assets.xcassets; path = ../../../Downloads/Assets.xcassets; sourceTree = "<group>"; };
		9A39CD852701F58A0073065A /* FeedCell.swift */ = {isa = PBXFileReference; lastKnownFileType = sourcecode.swift; path = FeedCell.swift; sourceTree = "<group>"; };
		9A39CD882701FB7B0073065A /* Extensions.swift */ = {isa = PBXFileReference; lastKnownFileType = sourcecode.swift; path = Extensions.swift; sourceTree = "<group>"; };
		9A4207A62702F57900DDE299 /* LoginController.swift */ = {isa = PBXFileReference; lastKnownFileType = sourcecode.swift; path = LoginController.swift; sourceTree = "<group>"; };
		9A4207AA2702F5CE00DDE299 /* RegistrationController.swift */ = {isa = PBXFileReference; lastKnownFileType = sourcecode.swift; path = RegistrationController.swift; sourceTree = "<group>"; };
		9A4207AE2703379600DDE299 /* CustomTextField.swift */ = {isa = PBXFileReference; lastKnownFileType = sourcecode.swift; path = CustomTextField.swift; sourceTree = "<group>"; };
		9A4E582827088FD3005BB7E7 /* UserCellViewModel.swift */ = {isa = PBXFileReference; lastKnownFileType = sourcecode.swift; path = UserCellViewModel.swift; sourceTree = "<group>"; };
		9A528A8427008554009BD69F /* MyInstagram.app */ = {isa = PBXFileReference; explicitFileType = wrapper.application; includeInIndex = 0; path = MyInstagram.app; sourceTree = BUILT_PRODUCTS_DIR; };
		9A528A8727008554009BD69F /* AppDelegate.swift */ = {isa = PBXFileReference; lastKnownFileType = sourcecode.swift; path = AppDelegate.swift; sourceTree = "<group>"; };
		9A528A8927008554009BD69F /* SceneDelegate.swift */ = {isa = PBXFileReference; lastKnownFileType = sourcecode.swift; path = SceneDelegate.swift; sourceTree = "<group>"; };
		9A528A8B27008554009BD69F /* ViewController.swift */ = {isa = PBXFileReference; lastKnownFileType = sourcecode.swift; path = ViewController.swift; sourceTree = "<group>"; };
		9A528A8E27008554009BD69F /* Base */ = {isa = PBXFileReference; lastKnownFileType = file.storyboard; name = Base; path = Base.lproj/Main.storyboard; sourceTree = "<group>"; };
		9A528A9327008557009BD69F /* Base */ = {isa = PBXFileReference; lastKnownFileType = file.storyboard; name = Base; path = Base.lproj/LaunchScreen.storyboard; sourceTree = "<group>"; };
		9A528A9527008557009BD69F /* Info.plist */ = {isa = PBXFileReference; lastKnownFileType = text.plist.xml; path = Info.plist; sourceTree = "<group>"; };
		9A5B4267270813D000EABD65 /* UserCell.swift */ = {isa = PBXFileReference; lastKnownFileType = sourcecode.swift; path = UserCell.swift; sourceTree = "<group>"; };
		9A60FF7427058F6A0045811C /* ProfileCell.swift */ = {isa = PBXFileReference; lastKnownFileType = sourcecode.swift; path = ProfileCell.swift; sourceTree = "<group>"; };
		9A60FF7727058F810045811C /* ProfileHeader.swift */ = {isa = PBXFileReference; lastKnownFileType = sourcecode.swift; path = ProfileHeader.swift; sourceTree = "<group>"; };
		9A792BC7270EED7A00DD749F /* UploadPostController.swift */ = {isa = PBXFileReference; lastKnownFileType = sourcecode.swift; path = UploadPostController.swift; sourceTree = "<group>"; };
		9A792BCA270EFEDE00DD749F /* InputTextView.swift */ = {isa = PBXFileReference; lastKnownFileType = sourcecode.swift; path = InputTextView.swift; sourceTree = "<group>"; };
		9AA1D20C270416DC00D05B93 /* AuthenticationViewModel.swift */ = {isa = PBXFileReference; lastKnownFileType = sourcecode.swift; path = AuthenticationViewModel.swift; sourceTree = "<group>"; };
		9AA1D20F2704595B00D05B93 /* GoogleService-Info.plist */ = {isa = PBXFileReference; fileEncoding = 4; lastKnownFileType = text.plist.xml; path = "GoogleService-Info.plist"; sourceTree = "<group>"; };
		ED61CAF011E5A27834ABD957 /* Pods_MyInstagram.framework */ = {isa = PBXFileReference; explicitFileType = wrapper.framework; includeInIndex = 0; path = Pods_MyInstagram.framework; sourceTree = BUILT_PRODUCTS_DIR; };
/* End PBXFileReference section */

/* Begin PBXFrameworksBuildPhase section */
		9A528A8127008554009BD69F /* Frameworks */ = {
			isa = PBXFrameworksBuildPhase;
			buildActionMask = 2147483647;
			files = (
				500CA17187EAA2062A7608B0 /* Pods_MyInstagram.framework in Frameworks */,
			);
			runOnlyForDeploymentPostprocessing = 0;
		};
/* End PBXFrameworksBuildPhase section */

/* Begin PBXGroup section */
		3BD26FECB4D4C2B88F2D3114 /* Pods */ = {
			isa = PBXGroup;
			children = (
				0E5EECBE5DB483ECA56BBBFB /* Pods-MyInstagram.debug.xcconfig */,
				2B6C37681BF345F0F3A1AB13 /* Pods-MyInstagram.release.xcconfig */,
			);
			path = Pods;
			sourceTree = "<group>";
		};
		9A4207A52702F52500DDE299 /* Authentication */ = {
			isa = PBXGroup;
			children = (
				9A4207A62702F57900DDE299 /* LoginController.swift */,
				9A4207AA2702F5CE00DDE299 /* RegistrationController.swift */,
			);
			path = Authentication;
			sourceTree = "<group>";
		};
		9A528A7B27008554009BD69F = {
			isa = PBXGroup;
			children = (
				9A528A8627008554009BD69F /* MyInstagram */,
				9A528A8527008554009BD69F /* Products */,
				3BD26FECB4D4C2B88F2D3114 /* Pods */,
				B7A38DCC9EDAF0A1A4771467 /* Frameworks */,
			);
			sourceTree = "<group>";
		};
		9A528A8527008554009BD69F /* Products */ = {
			isa = PBXGroup;
			children = (
				9A528A8427008554009BD69F /* MyInstagram.app */,
			);
			name = Products;
			sourceTree = "<group>";
		};
		9A528A8627008554009BD69F /* MyInstagram */ = {
			isa = PBXGroup;
			children = (
				9A528AA12700872A009BD69F /* Model */,
				9A528AA027008727009BD69F /* View */,
				9A528A9F27008725009BD69F /* ViewModel */,
				9A528A9E27008710009BD69F /* Controller */,
				9A528A9D27008708009BD69F /* API */,
				9A528A9C270086FB009BD69F /* Utils */,
				9A528A8727008554009BD69F /* AppDelegate.swift */,
				9A528A8927008554009BD69F /* SceneDelegate.swift */,
				9A528A8B27008554009BD69F /* ViewController.swift */,
				9A528A8D27008554009BD69F /* Main.storyboard */,
				9A528A9227008557009BD69F /* LaunchScreen.storyboard */,
				9A39CD8227018A1E0073065A /* Assets.xcassets */,
				9AA1D20F2704595B00D05B93 /* GoogleService-Info.plist */,
				9A528A9527008557009BD69F /* Info.plist */,
			);
			path = MyInstagram;
			sourceTree = "<group>";
		};
		9A528A9C270086FB009BD69F /* Utils */ = {
			isa = PBXGroup;
			children = (
				9A39CD882701FB7B0073065A /* Extensions.swift */,
				9A0332EB2705C1CE00D56892 /* Constants.swift */,
				9A792BCA270EFEDE00DD749F /* InputTextView.swift */,
			);
			path = Utils;
			sourceTree = "<group>";
		};
		9A528A9D27008708009BD69F /* API */ = {
			isa = PBXGroup;
			children = (
				9A38A3A82704891800251351 /* ImageUploader.swift */,
				9A38A3AB2704894700251351 /* AuthService.swift */,
				9A0332E82705C13800D56892 /* UserService.swift */,
				9A002A422710750000B9DA3F /* PostService.swift */,
			);
			path = API;
			sourceTree = "<group>";
		};
		9A528A9E27008710009BD69F /* Controller */ = {
			isa = PBXGroup;
			children = (
				9A4207A52702F52500DDE299 /* Authentication */,
				9A39CD6D27015E190073065A /* MainTapController.swift */,
				9A39CD70270168B90073065A /* FeedController.swift */,
				9A39CD73270169230073065A /* SearchController.swift */,
				9A39CD762701694E0073065A /* ImageSelectorController.swift */,
				9A39CD7927016C0A0073065A /* NotificationsController.swift */,
				9A39CD7C27016C210073065A /* ProfileController.swift */,
				9A792BC7270EED7A00DD749F /* UploadPostController.swift */,
			);
			path = Controller;
			sourceTree = "<group>";
		};
		9A528A9F27008725009BD69F /* ViewModel */ = {
			isa = PBXGroup;
			children = (
				9AA1D20C270416DC00D05B93 /* AuthenticationViewModel.swift */,
				9A0332F12705CC1200D56892 /* ProfileHeaderViewModel.swift */,
				9A4E582827088FD3005BB7E7 /* UserCellViewModel.swift */,
			);
			path = ViewModel;
			sourceTree = "<group>";
		};
		9A528AA027008727009BD69F /* View */ = {
			isa = PBXGroup;
			children = (
				9A60FF7A27058F940045811C /* Profile */,
				9A39CD852701F58A0073065A /* FeedCell.swift */,
				9A4207AE2703379600DDE299 /* CustomTextField.swift */,
				9A5B4267270813D000EABD65 /* UserCell.swift */,
			);
			path = View;
			sourceTree = "<group>";
		};
		9A528AA12700872A009BD69F /* Model */ = {
			isa = PBXGroup;
			children = (
				9A0332EE2705C48B00D56892 /* User.swift */,
			);
			path = Model;
			sourceTree = "<group>";
		};
		9A60FF7A27058F940045811C /* Profile */ = {
			isa = PBXGroup;
			children = (
				9A60FF7427058F6A0045811C /* ProfileCell.swift */,
				9A60FF7727058F810045811C /* ProfileHeader.swift */,
			);
			path = Profile;
			sourceTree = "<group>";
		};
		B7A38DCC9EDAF0A1A4771467 /* Frameworks */ = {
			isa = PBXGroup;
			children = (
				ED61CAF011E5A27834ABD957 /* Pods_MyInstagram.framework */,
			);
			name = Frameworks;
			sourceTree = "<group>";
		};
/* End PBXGroup section */

/* Begin PBXNativeTarget section */
		9A528A8327008554009BD69F /* MyInstagram */ = {
			isa = PBXNativeTarget;
			buildConfigurationList = 9A528A9827008557009BD69F /* Build configuration list for PBXNativeTarget "MyInstagram" */;
			buildPhases = (
				314AEE148FEA6AE7C667679F /* [CP] Check Pods Manifest.lock */,
				9A528A8027008554009BD69F /* Sources */,
				9A528A8127008554009BD69F /* Frameworks */,
				9A528A8227008554009BD69F /* Resources */,
				8EAF83F91024D0374C17BBCC /* [CP] Embed Pods Frameworks */,
			);
			buildRules = (
			);
			dependencies = (
			);
			name = MyInstagram;
			productName = MyInstagram;
			productReference = 9A528A8427008554009BD69F /* MyInstagram.app */;
			productType = "com.apple.product-type.application";
		};
/* End PBXNativeTarget section */

/* Begin PBXProject section */
		9A528A7C27008554009BD69F /* Project object */ = {
			isa = PBXProject;
			attributes = {
				LastSwiftUpdateCheck = 1220;
				LastUpgradeCheck = 1220;
				TargetAttributes = {
					9A528A8327008554009BD69F = {
						CreatedOnToolsVersion = 12.2;
					};
				};
			};
			buildConfigurationList = 9A528A7F27008554009BD69F /* Build configuration list for PBXProject "MyInstagram" */;
			compatibilityVersion = "Xcode 9.3";
			developmentRegion = en;
			hasScannedForEncodings = 0;
			knownRegions = (
				en,
				Base,
			);
			mainGroup = 9A528A7B27008554009BD69F;
			productRefGroup = 9A528A8527008554009BD69F /* Products */;
			projectDirPath = "";
			projectRoot = "";
			targets = (
				9A528A8327008554009BD69F /* MyInstagram */,
			);
		};
/* End PBXProject section */

/* Begin PBXResourcesBuildPhase section */
		9A528A8227008554009BD69F /* Resources */ = {
			isa = PBXResourcesBuildPhase;
			buildActionMask = 2147483647;
			files = (
				9A528A9427008557009BD69F /* LaunchScreen.storyboard in Resources */,
				9A39CD8327018A1E0073065A /* Assets.xcassets in Resources */,
				9AA1D2102704595B00D05B93 /* GoogleService-Info.plist in Resources */,
				9A528A8F27008554009BD69F /* Main.storyboard in Resources */,
			);
			runOnlyForDeploymentPostprocessing = 0;
		};
/* End PBXResourcesBuildPhase section */

/* Begin PBXShellScriptBuildPhase section */
		314AEE148FEA6AE7C667679F /* [CP] Check Pods Manifest.lock */ = {
			isa = PBXShellScriptBuildPhase;
			buildActionMask = 2147483647;
			files = (
			);
			inputFileListPaths = (
			);
			inputPaths = (
				"${PODS_PODFILE_DIR_PATH}/Podfile.lock",
				"${PODS_ROOT}/Manifest.lock",
			);
			name = "[CP] Check Pods Manifest.lock";
			outputFileListPaths = (
			);
			outputPaths = (
				"$(DERIVED_FILE_DIR)/Pods-MyInstagram-checkManifestLockResult.txt",
			);
			runOnlyForDeploymentPostprocessing = 0;
			shellPath = /bin/sh;
			shellScript = "diff \"${PODS_PODFILE_DIR_PATH}/Podfile.lock\" \"${PODS_ROOT}/Manifest.lock\" > /dev/null\nif [ $? != 0 ] ; then\n    # print error to STDERR\n    echo \"error: The sandbox is not in sync with the Podfile.lock. Run 'pod install' or update your CocoaPods installation.\" >&2\n    exit 1\nfi\n# This output is used by Xcode 'outputs' to avoid re-running this script phase.\necho \"SUCCESS\" > \"${SCRIPT_OUTPUT_FILE_0}\"\n";
			showEnvVarsInLog = 0;
		};
		8EAF83F91024D0374C17BBCC /* [CP] Embed Pods Frameworks */ = {
			isa = PBXShellScriptBuildPhase;
			buildActionMask = 2147483647;
			files = (
			);
			inputFileListPaths = (
				"${PODS_ROOT}/Target Support Files/Pods-MyInstagram/Pods-MyInstagram-frameworks-${CONFIGURATION}-input-files.xcfilelist",
			);
			name = "[CP] Embed Pods Frameworks";
			outputFileListPaths = (
				"${PODS_ROOT}/Target Support Files/Pods-MyInstagram/Pods-MyInstagram-frameworks-${CONFIGURATION}-output-files.xcfilelist",
			);
			runOnlyForDeploymentPostprocessing = 0;
			shellPath = /bin/sh;
			shellScript = "\"${PODS_ROOT}/Target Support Files/Pods-MyInstagram/Pods-MyInstagram-frameworks.sh\"\n";
			showEnvVarsInLog = 0;
		};
/* End PBXShellScriptBuildPhase section */

/* Begin PBXSourcesBuildPhase section */
		9A528A8027008554009BD69F /* Sources */ = {
			isa = PBXSourcesBuildPhase;
			buildActionMask = 2147483647;
			files = (
				9A4207AF2703379600DDE299 /* CustomTextField.swift in Sources */,
				9A60FF7827058F810045811C /* ProfileHeader.swift in Sources */,
				9A792BC8270EED7A00DD749F /* UploadPostController.swift in Sources */,
				9A39CD6E27015E190073065A /* MainTapController.swift in Sources */,
				9A4207A72702F57900DDE299 /* LoginController.swift in Sources */,
				9A39CD862701F58A0073065A /* FeedCell.swift in Sources */,
				9A39CD772701694E0073065A /* ImageSelectorController.swift in Sources */,
				9A39CD7A27016C0A0073065A /* NotificationsController.swift in Sources */,
				9AA1D20D270416DC00D05B93 /* AuthenticationViewModel.swift in Sources */,
				9A5B4268270813D000EABD65 /* UserCell.swift in Sources */,
				9A39CD74270169230073065A /* SearchController.swift in Sources */,
				9A4207AB2702F5CE00DDE299 /* RegistrationController.swift in Sources */,
				9A0332EF2705C48B00D56892 /* User.swift in Sources */,
				9A528A8C27008554009BD69F /* ViewController.swift in Sources */,
				9A0332F22705CC1200D56892 /* ProfileHeaderViewModel.swift in Sources */,
				9A792BCB270EFEDE00DD749F /* InputTextView.swift in Sources */,
				9A0332EC2705C1CE00D56892 /* Constants.swift in Sources */,
				9A39CD7D27016C210073065A /* ProfileController.swift in Sources */,
				9A4E582927088FD3005BB7E7 /* UserCellViewModel.swift in Sources */,
				9A39CD71270168B90073065A /* FeedController.swift in Sources */,
				9A528A8827008554009BD69F /* AppDelegate.swift in Sources */,
				9A38A3A92704891800251351 /* ImageUploader.swift in Sources */,
				9A38A3AC2704894700251351 /* AuthService.swift in Sources */,
				9A002A432710750000B9DA3F /* PostService.swift in Sources */,
				9A0332E92705C13800D56892 /* UserService.swift in Sources */,
				9A60FF7527058F6A0045811C /* ProfileCell.swift in Sources */,
				9A39CD892701FB7B0073065A /* Extensions.swift in Sources */,
				9A528A8A27008554009BD69F /* SceneDelegate.swift in Sources */,
			);
			runOnlyForDeploymentPostprocessing = 0;
		};
/* End PBXSourcesBuildPhase section */

/* Begin PBXVariantGroup section */
		9A528A8D27008554009BD69F /* Main.storyboard */ = {
			isa = PBXVariantGroup;
			children = (
				9A528A8E27008554009BD69F /* Base */,
			);
			name = Main.storyboard;
			sourceTree = "<group>";
		};
		9A528A9227008557009BD69F /* LaunchScreen.storyboard */ = {
			isa = PBXVariantGroup;
			children = (
				9A528A9327008557009BD69F /* Base */,
			);
			name = LaunchScreen.storyboard;
			sourceTree = "<group>";
		};
/* End PBXVariantGroup section */

/* Begin XCBuildConfiguration section */
		9A528A9627008557009BD69F /* Debug */ = {
			isa = XCBuildConfiguration;
			buildSettings = {
				ALWAYS_SEARCH_USER_PATHS = NO;
				CLANG_ANALYZER_NONNULL = YES;
				CLANG_ANALYZER_NUMBER_OBJECT_CONVERSION = YES_AGGRESSIVE;
				CLANG_CXX_LANGUAGE_STANDARD = "gnu++14";
				CLANG_CXX_LIBRARY = "libc++";
				CLANG_ENABLE_MODULES = YES;
				CLANG_ENABLE_OBJC_ARC = YES;
				CLANG_ENABLE_OBJC_WEAK = YES;
				CLANG_WARN_BLOCK_CAPTURE_AUTORELEASING = YES;
				CLANG_WARN_BOOL_CONVERSION = YES;
				CLANG_WARN_COMMA = YES;
				CLANG_WARN_CONSTANT_CONVERSION = YES;
				CLANG_WARN_DEPRECATED_OBJC_IMPLEMENTATIONS = YES;
				CLANG_WARN_DIRECT_OBJC_ISA_USAGE = YES_ERROR;
				CLANG_WARN_DOCUMENTATION_COMMENTS = YES;
				CLANG_WARN_EMPTY_BODY = YES;
				CLANG_WARN_ENUM_CONVERSION = YES;
				CLANG_WARN_INFINITE_RECURSION = YES;
				CLANG_WARN_INT_CONVERSION = YES;
				CLANG_WARN_NON_LITERAL_NULL_CONVERSION = YES;
				CLANG_WARN_OBJC_IMPLICIT_RETAIN_SELF = YES;
				CLANG_WARN_OBJC_LITERAL_CONVERSION = YES;
				CLANG_WARN_OBJC_ROOT_CLASS = YES_ERROR;
				CLANG_WARN_QUOTED_INCLUDE_IN_FRAMEWORK_HEADER = YES;
				CLANG_WARN_RANGE_LOOP_ANALYSIS = YES;
				CLANG_WARN_STRICT_PROTOTYPES = YES;
				CLANG_WARN_SUSPICIOUS_MOVE = YES;
				CLANG_WARN_UNGUARDED_AVAILABILITY = YES_AGGRESSIVE;
				CLANG_WARN_UNREACHABLE_CODE = YES;
				CLANG_WARN__DUPLICATE_METHOD_MATCH = YES;
				COPY_PHASE_STRIP = NO;
				DEBUG_INFORMATION_FORMAT = dwarf;
				ENABLE_STRICT_OBJC_MSGSEND = YES;
				ENABLE_TESTABILITY = YES;
				GCC_C_LANGUAGE_STANDARD = gnu11;
				GCC_DYNAMIC_NO_PIC = NO;
				GCC_NO_COMMON_BLOCKS = YES;
				GCC_OPTIMIZATION_LEVEL = 0;
				GCC_PREPROCESSOR_DEFINITIONS = (
					"DEBUG=1",
					"$(inherited)",
				);
				GCC_WARN_64_TO_32_BIT_CONVERSION = YES;
				GCC_WARN_ABOUT_RETURN_TYPE = YES_ERROR;
				GCC_WARN_UNDECLARED_SELECTOR = YES;
				GCC_WARN_UNINITIALIZED_AUTOS = YES_AGGRESSIVE;
				GCC_WARN_UNUSED_FUNCTION = YES;
				GCC_WARN_UNUSED_VARIABLE = YES;
				IPHONEOS_DEPLOYMENT_TARGET = 14.2;
				MTL_ENABLE_DEBUG_INFO = INCLUDE_SOURCE;
				MTL_FAST_MATH = YES;
				ONLY_ACTIVE_ARCH = YES;
				SDKROOT = iphoneos;
				SWIFT_ACTIVE_COMPILATION_CONDITIONS = DEBUG;
				SWIFT_OPTIMIZATION_LEVEL = "-Onone";
			};
			name = Debug;
		};
		9A528A9727008557009BD69F /* Release */ = {
			isa = XCBuildConfiguration;
			buildSettings = {
				ALWAYS_SEARCH_USER_PATHS = NO;
				CLANG_ANALYZER_NONNULL = YES;
				CLANG_ANALYZER_NUMBER_OBJECT_CONVERSION = YES_AGGRESSIVE;
				CLANG_CXX_LANGUAGE_STANDARD = "gnu++14";
				CLANG_CXX_LIBRARY = "libc++";
				CLANG_ENABLE_MODULES = YES;
				CLANG_ENABLE_OBJC_ARC = YES;
				CLANG_ENABLE_OBJC_WEAK = YES;
				CLANG_WARN_BLOCK_CAPTURE_AUTORELEASING = YES;
				CLANG_WARN_BOOL_CONVERSION = YES;
				CLANG_WARN_COMMA = YES;
				CLANG_WARN_CONSTANT_CONVERSION = YES;
				CLANG_WARN_DEPRECATED_OBJC_IMPLEMENTATIONS = YES;
				CLANG_WARN_DIRECT_OBJC_ISA_USAGE = YES_ERROR;
				CLANG_WARN_DOCUMENTATION_COMMENTS = YES;
				CLANG_WARN_EMPTY_BODY = YES;
				CLANG_WARN_ENUM_CONVERSION = YES;
				CLANG_WARN_INFINITE_RECURSION = YES;
				CLANG_WARN_INT_CONVERSION = YES;
				CLANG_WARN_NON_LITERAL_NULL_CONVERSION = YES;
				CLANG_WARN_OBJC_IMPLICIT_RETAIN_SELF = YES;
				CLANG_WARN_OBJC_LITERAL_CONVERSION = YES;
				CLANG_WARN_OBJC_ROOT_CLASS = YES_ERROR;
				CLANG_WARN_QUOTED_INCLUDE_IN_FRAMEWORK_HEADER = YES;
				CLANG_WARN_RANGE_LOOP_ANALYSIS = YES;
				CLANG_WARN_STRICT_PROTOTYPES = YES;
				CLANG_WARN_SUSPICIOUS_MOVE = YES;
				CLANG_WARN_UNGUARDED_AVAILABILITY = YES_AGGRESSIVE;
				CLANG_WARN_UNREACHABLE_CODE = YES;
				CLANG_WARN__DUPLICATE_METHOD_MATCH = YES;
				COPY_PHASE_STRIP = NO;
				DEBUG_INFORMATION_FORMAT = "dwarf-with-dsym";
				ENABLE_NS_ASSERTIONS = NO;
				ENABLE_STRICT_OBJC_MSGSEND = YES;
				GCC_C_LANGUAGE_STANDARD = gnu11;
				GCC_NO_COMMON_BLOCKS = YES;
				GCC_WARN_64_TO_32_BIT_CONVERSION = YES;
				GCC_WARN_ABOUT_RETURN_TYPE = YES_ERROR;
				GCC_WARN_UNDECLARED_SELECTOR = YES;
				GCC_WARN_UNINITIALIZED_AUTOS = YES_AGGRESSIVE;
				GCC_WARN_UNUSED_FUNCTION = YES;
				GCC_WARN_UNUSED_VARIABLE = YES;
				IPHONEOS_DEPLOYMENT_TARGET = 14.2;
				MTL_ENABLE_DEBUG_INFO = NO;
				MTL_FAST_MATH = YES;
				SDKROOT = iphoneos;
				SWIFT_COMPILATION_MODE = wholemodule;
				SWIFT_OPTIMIZATION_LEVEL = "-O";
				VALIDATE_PRODUCT = YES;
			};
			name = Release;
		};
		9A528A9927008557009BD69F /* Debug */ = {
			isa = XCBuildConfiguration;
			baseConfigurationReference = 0E5EECBE5DB483ECA56BBBFB /* Pods-MyInstagram.debug.xcconfig */;
			buildSettings = {
				ASSETCATALOG_COMPILER_APPICON_NAME = AppIcon;
				ASSETCATALOG_COMPILER_GLOBAL_ACCENT_COLOR_NAME = AccentColor;
				CODE_SIGN_STYLE = Automatic;
				INFOPLIST_FILE = MyInstagram/Info.plist;
				LD_RUNPATH_SEARCH_PATHS = (
					"$(inherited)",
					"@executable_path/Frameworks",
				);
				PRODUCT_BUNDLE_IDENTIFIER = haju.project.MyInstagram;
				PRODUCT_NAME = "$(TARGET_NAME)";
				SWIFT_VERSION = 5.0;
				TARGETED_DEVICE_FAMILY = "1,2";
			};
			name = Debug;
		};
		9A528A9A27008557009BD69F /* Release */ = {
			isa = XCBuildConfiguration;
			baseConfigurationReference = 2B6C37681BF345F0F3A1AB13 /* Pods-MyInstagram.release.xcconfig */;
			buildSettings = {
				ASSETCATALOG_COMPILER_APPICON_NAME = AppIcon;
				ASSETCATALOG_COMPILER_GLOBAL_ACCENT_COLOR_NAME = AccentColor;
				CODE_SIGN_STYLE = Automatic;
				INFOPLIST_FILE = MyInstagram/Info.plist;
				LD_RUNPATH_SEARCH_PATHS = (
					"$(inherited)",
					"@executable_path/Frameworks",
				);
				PRODUCT_BUNDLE_IDENTIFIER = haju.project.MyInstagram;
				PRODUCT_NAME = "$(TARGET_NAME)";
				SWIFT_VERSION = 5.0;
				TARGETED_DEVICE_FAMILY = "1,2";
			};
			name = Release;
		};
/* End XCBuildConfiguration section */

/* Begin XCConfigurationList section */
		9A528A7F27008554009BD69F /* Build configuration list for PBXProject "MyInstagram" */ = {
			isa = XCConfigurationList;
			buildConfigurations = (
				9A528A9627008557009BD69F /* Debug */,
				9A528A9727008557009BD69F /* Release */,
			);
			defaultConfigurationIsVisible = 0;
			defaultConfigurationName = Release;
		};
		9A528A9827008557009BD69F /* Build configuration list for PBXNativeTarget "MyInstagram" */ = {
			isa = XCConfigurationList;
			buildConfigurations = (
				9A528A9927008557009BD69F /* Debug */,
				9A528A9A27008557009BD69F /* Release */,
			);
			defaultConfigurationIsVisible = 0;
			defaultConfigurationName = Release;
		};
/* End XCConfigurationList section */
	};
	rootObject = 9A528A7C27008554009BD69F /* Project object */;
}
